
Microsoft Visual Studio Solution File, Format Version 12.00
# Visual Studio Version 16
VisualStudioVersion = 16.0.30611.23
MinimumVisualStudioVersion = 10.0.40219.1
Project("{FAE04EC0-301F-11D3-BF4B-00C04F79EFBC}") = "DBConnection", "DBConnection\DBConnection.csproj", "{C2704A38-A4BF-45AE-943C-F95283036867}"
EndProject
Global
	GlobalSection(SolutionConfigurationPlatforms) = preSolution
		Debug|Any CPU = Debug|Any CPU
		Release|Any CPU = Release|Any CPU
	EndGlobalSection
	GlobalSection(ProjectConfigurationPlatforms) = postSolution
		{C2704A38-A4BF-45AE-943C-F95283036867}.Debug|Any CPU.ActiveCfg = Debug|Any CPU
		{C2704A38-A4BF-45AE-943C-F95283036867}.Debug|Any CPU.Build.0 = Debug|Any CPU
		{C2704A38-A4BF-45AE-943C-F95283036867}.Release|Any CPU.ActiveCfg = Release|Any CPU
		{C2704A38-A4BF-45AE-943C-F95283036867}.Release|Any CPU.Build.0 = Release|Any CPU
	EndGlobalSection
	GlobalSection(SolutionProperties) = preSolution
		HideSolutionNode = FALSE
	EndGlobalSection
	GlobalSection(ExtensibilityGlobals) = postSolution
		SolutionGuid = {60054EC9-156D-4EEC-8825-489DCAB7AD6B}
	EndGlobalSection
EndGlobal
