
Microsoft Visual Studio Solution File, Format Version 12.00
# Visual Studio Version 16
VisualStudioVersion = 16.0.31005.135
MinimumVisualStudioVersion = 10.0.40219.1
Project("{FAE04EC0-301F-11D3-BF4B-00C04F79EFBC}") = "task03", "task03.csproj", "{A894905B-78C9-4F8D-9C7A-1607FBF5E0DF}"
EndProject
Global
	GlobalSection(SolutionConfigurationPlatforms) = preSolution
		Debug|Any CPU = Debug|Any CPU
		Release|Any CPU = Release|Any CPU
	EndGlobalSection
	GlobalSection(ProjectConfigurationPlatforms) = postSolution
		{A894905B-78C9-4F8D-9C7A-1607FBF5E0DF}.Debug|Any CPU.ActiveCfg = Debug|Any CPU
		{A894905B-78C9-4F8D-9C7A-1607FBF5E0DF}.Debug|Any CPU.Build.0 = Debug|Any CPU
		{A894905B-78C9-4F8D-9C7A-1607FBF5E0DF}.Release|Any CPU.ActiveCfg = Release|Any CPU
		{A894905B-78C9-4F8D-9C7A-1607FBF5E0DF}.Release|Any CPU.Build.0 = Release|Any CPU
	EndGlobalSection
	GlobalSection(SolutionProperties) = preSolution
		HideSolutionNode = FALSE
	EndGlobalSection
	GlobalSection(ExtensibilityGlobals) = postSolution
		SolutionGuid = {F98FA388-5B38-49DE-8345-8869D5EB0F99}
	EndGlobalSection
EndGlobal
